
Microsoft Visual Studio Solution File, Format Version 12.00
# Visual Studio 14
VisualStudioVersion = 14.0.25420.1
MinimumVisualStudioVersion = 10.0.40219.1
Project("{FAE04EC0-301F-11D3-BF4B-00C04F79EFBC}") = "MTA.XFingerprint.iOS", "MTA.XFingerprint\MTA.XFingerprint.iOS\MTA.XFingerprint.iOS.csproj", "{83ECFDE6-8157-440C-A649-CD59DC5BBC63}"
EndProject
Project("{FAE04EC0-301F-11D3-BF4B-00C04F79EFBC}") = "MTA.XFingerprint", "MTA.XFingerprint\MTA.XFingerprint\MTA.XFingerprint.csproj", "{EEF1EAF7-7B97-4CF6-931E-CC630F783938}"
EndProject
Project("{FAE04EC0-301F-11D3-BF4B-00C04F79EFBC}") = "MTA.XFingerprint.Droid", "MTA.XFingerprint.Droid\MTA.XFingerprint.Droid.csproj", "{009E35FE-CA52-4131-92A1-5030430088BE}"
EndProject
Project("{2150E333-8FDC-42A3-9474-1A3956D46DE8}") = "Sample", "Sample", "{67CE7715-AADE-47D2-A317-03A6A742A8C4}"
EndProject
Project("{FAE04EC0-301F-11D3-BF4B-00C04F79EFBC}") = "Sample.Droid", "Sample\Sample.Droid\Sample.Droid.csproj", "{0DABE26F-7F9A-4970-8E17-89C41A66E2A7}"
EndProject
Project("{FAE04EC0-301F-11D3-BF4B-00C04F79EFBC}") = "Sample.iOS", "Sample\Sample.iOS\Sample.iOS.csproj", "{1182484F-E339-4771-9AD9-2E1EB737733C}"
EndProject
Project("{FAE04EC0-301F-11D3-BF4B-00C04F79EFBC}") = "Sample.WinPhone", "Sample\Sample.WinPhone\Sample.WinPhone.csproj", "{648B0DD7-DB43-4468-9204-FCF70C1C0224}"
EndProject
Project("{FAE04EC0-301F-11D3-BF4B-00C04F79EFBC}") = "Sample.UWP", "Sample\Sample.UWP\Sample.UWP.csproj", "{8A38B6F1-338B-4456-8204-D6068954749F}"
EndProject
Project("{FAE04EC0-301F-11D3-BF4B-00C04F79EFBC}") = "Sample.Windows", "Sample\Sample.Windows\Sample.Windows.csproj", "{2B17CC9B-E713-460D-87EB-FE476433A587}"
EndProject
Project("{FAE04EC0-301F-11D3-BF4B-00C04F79EFBC}") = "Sample", "Sample\Sample\Sample.csproj", "{C00F85E1-9287-495E-B7B2-A1361241040B}"
EndProject
Global
	GlobalSection(SolutionConfigurationPlatforms) = preSolution
		Ad-Hoc|Any CPU = Ad-Hoc|Any CPU
		Ad-Hoc|ARM = Ad-Hoc|ARM
		Ad-Hoc|iPhone = Ad-Hoc|iPhone
		Ad-Hoc|iPhoneSimulator = Ad-Hoc|iPhoneSimulator
		Ad-Hoc|x64 = Ad-Hoc|x64
		Ad-Hoc|x86 = Ad-Hoc|x86
		AppStore|Any CPU = AppStore|Any CPU
		AppStore|ARM = AppStore|ARM
		AppStore|iPhone = AppStore|iPhone
		AppStore|iPhoneSimulator = AppStore|iPhoneSimulator
		AppStore|x64 = AppStore|x64
		AppStore|x86 = AppStore|x86
		Debug|Any CPU = Debug|Any CPU
		Debug|ARM = Debug|ARM
		Debug|iPhone = Debug|iPhone
		Debug|iPhoneSimulator = Debug|iPhoneSimulator
		Debug|x64 = Debug|x64
		Debug|x86 = Debug|x86
		Release|Any CPU = Release|Any CPU
		Release|ARM = Release|ARM
		Release|iPhone = Release|iPhone
		Release|iPhoneSimulator = Release|iPhoneSimulator
		Release|x64 = Release|x64
		Release|x86 = Release|x86
	EndGlobalSection
	GlobalSection(ProjectConfigurationPlatforms) = postSolution
		{83ECFDE6-8157-440C-A649-CD59DC5BBC63}.Ad-Hoc|Any CPU.ActiveCfg = Ad-Hoc|iPhone
		{83ECFDE6-8157-440C-A649-CD59DC5BBC63}.Ad-Hoc|ARM.ActiveCfg = Ad-Hoc|iPhone
		{83ECFDE6-8157-440C-A649-CD59DC5BBC63}.Ad-Hoc|iPhone.ActiveCfg = Ad-Hoc|iPhone
		{83ECFDE6-8157-440C-A649-CD59DC5BBC63}.Ad-Hoc|iPhone.Build.0 = Ad-Hoc|iPhone
		{83ECFDE6-8157-440C-A649-CD59DC5BBC63}.Ad-Hoc|iPhoneSimulator.ActiveCfg = Ad-Hoc|iPhoneSimulator
		{83ECFDE6-8157-440C-A649-CD59DC5BBC63}.Ad-Hoc|iPhoneSimulator.Build.0 = Ad-Hoc|iPhoneSimulator
		{83ECFDE6-8157-440C-A649-CD59DC5BBC63}.Ad-Hoc|x64.ActiveCfg = Ad-Hoc|iPhone
		{83ECFDE6-8157-440C-A649-CD59DC5BBC63}.Ad-Hoc|x86.ActiveCfg = Ad-Hoc|iPhone
		{83ECFDE6-8157-440C-A649-CD59DC5BBC63}.AppStore|Any CPU.ActiveCfg = AppStore|iPhone
		{83ECFDE6-8157-440C-A649-CD59DC5BBC63}.AppStore|ARM.ActiveCfg = AppStore|iPhone
		{83ECFDE6-8157-440C-A649-CD59DC5BBC63}.AppStore|iPhone.ActiveCfg = AppStore|iPhone
		{83ECFDE6-8157-440C-A649-CD59DC5BBC63}.AppStore|iPhone.Build.0 = AppStore|iPhone
		{83ECFDE6-8157-440C-A649-CD59DC5BBC63}.AppStore|iPhoneSimulator.ActiveCfg = AppStore|iPhoneSimulator
		{83ECFDE6-8157-440C-A649-CD59DC5BBC63}.AppStore|iPhoneSimulator.Build.0 = AppStore|iPhoneSimulator
		{83ECFDE6-8157-440C-A649-CD59DC5BBC63}.AppStore|x64.ActiveCfg = AppStore|iPhone
		{83ECFDE6-8157-440C-A649-CD59DC5BBC63}.AppStore|x86.ActiveCfg = AppStore|iPhone
		{83ECFDE6-8157-440C-A649-CD59DC5BBC63}.Debug|Any CPU.ActiveCfg = Debug|iPhone
		{83ECFDE6-8157-440C-A649-CD59DC5BBC63}.Debug|ARM.ActiveCfg = Debug|iPhone
		{83ECFDE6-8157-440C-A649-CD59DC5BBC63}.Debug|iPhone.ActiveCfg = Debug|iPhone
		{83ECFDE6-8157-440C-A649-CD59DC5BBC63}.Debug|iPhone.Build.0 = Debug|iPhone
		{83ECFDE6-8157-440C-A649-CD59DC5BBC63}.Debug|iPhoneSimulator.ActiveCfg = Debug|iPhoneSimulator
		{83ECFDE6-8157-440C-A649-CD59DC5BBC63}.Debug|iPhoneSimulator.Build.0 = Debug|iPhoneSimulator
		{83ECFDE6-8157-440C-A649-CD59DC5BBC63}.Debug|x64.ActiveCfg = Debug|iPhone
		{83ECFDE6-8157-440C-A649-CD59DC5BBC63}.Debug|x86.ActiveCfg = Debug|iPhone
		{83ECFDE6-8157-440C-A649-CD59DC5BBC63}.Release|Any CPU.ActiveCfg = Release|iPhone
		{83ECFDE6-8157-440C-A649-CD59DC5BBC63}.Release|ARM.ActiveCfg = Release|iPhone
		{83ECFDE6-8157-440C-A649-CD59DC5BBC63}.Release|iPhone.ActiveCfg = Release|iPhone
		{83ECFDE6-8157-440C-A649-CD59DC5BBC63}.Release|iPhone.Build.0 = Release|iPhone
		{83ECFDE6-8157-440C-A649-CD59DC5BBC63}.Release|iPhoneSimulator.ActiveCfg = Release|iPhoneSimulator
		{83ECFDE6-8157-440C-A649-CD59DC5BBC63}.Release|iPhoneSimulator.Build.0 = Release|iPhoneSimulator
		{83ECFDE6-8157-440C-A649-CD59DC5BBC63}.Release|x64.ActiveCfg = Release|iPhone
		{83ECFDE6-8157-440C-A649-CD59DC5BBC63}.Release|x86.ActiveCfg = Release|iPhone
		{EEF1EAF7-7B97-4CF6-931E-CC630F783938}.Ad-Hoc|Any CPU.ActiveCfg = Release|Any CPU
		{EEF1EAF7-7B97-4CF6-931E-CC630F783938}.Ad-Hoc|Any CPU.Build.0 = Release|Any CPU
		{EEF1EAF7-7B97-4CF6-931E-CC630F783938}.Ad-Hoc|ARM.ActiveCfg = Release|Any CPU
		{EEF1EAF7-7B97-4CF6-931E-CC630F783938}.Ad-Hoc|ARM.Build.0 = Release|Any CPU
		{EEF1EAF7-7B97-4CF6-931E-CC630F783938}.Ad-Hoc|iPhone.ActiveCfg = Release|Any CPU
		{EEF1EAF7-7B97-4CF6-931E-CC630F783938}.Ad-Hoc|iPhone.Build.0 = Release|Any CPU
		{EEF1EAF7-7B97-4CF6-931E-CC630F783938}.Ad-Hoc|iPhoneSimulator.ActiveCfg = Release|Any CPU
		{EEF1EAF7-7B97-4CF6-931E-CC630F783938}.Ad-Hoc|iPhoneSimulator.Build.0 = Release|Any CPU
		{EEF1EAF7-7B97-4CF6-931E-CC630F783938}.Ad-Hoc|x64.ActiveCfg = Release|Any CPU
		{EEF1EAF7-7B97-4CF6-931E-CC630F783938}.Ad-Hoc|x64.Build.0 = Release|Any CPU
		{EEF1EAF7-7B97-4CF6-931E-CC630F783938}.Ad-Hoc|x86.ActiveCfg = Release|Any CPU
		{EEF1EAF7-7B97-4CF6-931E-CC630F783938}.Ad-Hoc|x86.Build.0 = Release|Any CPU
		{EEF1EAF7-7B97-4CF6-931E-CC630F783938}.AppStore|Any CPU.ActiveCfg = Release|Any CPU
		{EEF1EAF7-7B97-4CF6-931E-CC630F783938}.AppStore|Any CPU.Build.0 = Release|Any CPU
		{EEF1EAF7-7B97-4CF6-931E-CC630F783938}.AppStore|ARM.ActiveCfg = Release|Any CPU
		{EEF1EAF7-7B97-4CF6-931E-CC630F783938}.AppStore|ARM.Build.0 = Release|Any CPU
		{EEF1EAF7-7B97-4CF6-931E-CC630F783938}.AppStore|iPhone.ActiveCfg = Release|Any CPU
		{EEF1EAF7-7B97-4CF6-931E-CC630F783938}.AppStore|iPhone.Build.0 = Release|Any CPU
		{EEF1EAF7-7B97-4CF6-931E-CC630F783938}.AppStore|iPhoneSimulator.ActiveCfg = Release|Any CPU
		{EEF1EAF7-7B97-4CF6-931E-CC630F783938}.AppStore|iPhoneSimulator.Build.0 = Release|Any CPU
		{EEF1EAF7-7B97-4CF6-931E-CC630F783938}.AppStore|x64.ActiveCfg = Release|Any CPU
		{EEF1EAF7-7B97-4CF6-931E-CC630F783938}.AppStore|x64.Build.0 = Release|Any CPU
		{EEF1EAF7-7B97-4CF6-931E-CC630F783938}.AppStore|x86.ActiveCfg = Release|Any CPU
		{EEF1EAF7-7B97-4CF6-931E-CC630F783938}.AppStore|x86.Build.0 = Release|Any CPU
		{EEF1EAF7-7B97-4CF6-931E-CC630F783938}.Debug|Any CPU.ActiveCfg = Debug|Any CPU
		{EEF1EAF7-7B97-4CF6-931E-CC630F783938}.Debug|Any CPU.Build.0 = Debug|Any CPU
		{EEF1EAF7-7B97-4CF6-931E-CC630F783938}.Debug|ARM.ActiveCfg = Debug|Any CPU
		{EEF1EAF7-7B97-4CF6-931E-CC630F783938}.Debug|ARM.Build.0 = Debug|Any CPU
		{EEF1EAF7-7B97-4CF6-931E-CC630F783938}.Debug|iPhone.ActiveCfg = Debug|Any CPU
		{EEF1EAF7-7B97-4CF6-931E-CC630F783938}.Debug|iPhone.Build.0 = Debug|Any CPU
		{EEF1EAF7-7B97-4CF6-931E-CC630F783938}.Debug|iPhoneSimulator.ActiveCfg = Debug|Any CPU
		{EEF1EAF7-7B97-4CF6-931E-CC630F783938}.Debug|iPhoneSimulator.Build.0 = Debug|Any CPU
		{EEF1EAF7-7B97-4CF6-931E-CC630F783938}.Debug|x64.ActiveCfg = Debug|Any CPU
		{EEF1EAF7-7B97-4CF6-931E-CC630F783938}.Debug|x64.Build.0 = Debug|Any CPU
		{EEF1EAF7-7B97-4CF6-931E-CC630F783938}.Debug|x86.ActiveCfg = Debug|Any CPU
		{EEF1EAF7-7B97-4CF6-931E-CC630F783938}.Debug|x86.Build.0 = Debug|Any CPU
		{EEF1EAF7-7B97-4CF6-931E-CC630F783938}.Release|Any CPU.ActiveCfg = Release|Any CPU
		{EEF1EAF7-7B97-4CF6-931E-CC630F783938}.Release|Any CPU.Build.0 = Release|Any CPU
		{EEF1EAF7-7B97-4CF6-931E-CC630F783938}.Release|ARM.ActiveCfg = Release|Any CPU
		{EEF1EAF7-7B97-4CF6-931E-CC630F783938}.Release|ARM.Build.0 = Release|Any CPU
		{EEF1EAF7-7B97-4CF6-931E-CC630F783938}.Release|iPhone.ActiveCfg = Release|Any CPU
		{EEF1EAF7-7B97-4CF6-931E-CC630F783938}.Release|iPhone.Build.0 = Release|Any CPU
		{EEF1EAF7-7B97-4CF6-931E-CC630F783938}.Release|iPhoneSimulator.ActiveCfg = Release|Any CPU
		{EEF1EAF7-7B97-4CF6-931E-CC630F783938}.Release|iPhoneSimulator.Build.0 = Release|Any CPU
		{EEF1EAF7-7B97-4CF6-931E-CC630F783938}.Release|x64.ActiveCfg = Release|Any CPU
		{EEF1EAF7-7B97-4CF6-931E-CC630F783938}.Release|x64.Build.0 = Release|Any CPU
		{EEF1EAF7-7B97-4CF6-931E-CC630F783938}.Release|x86.ActiveCfg = Release|Any CPU
		{EEF1EAF7-7B97-4CF6-931E-CC630F783938}.Release|x86.Build.0 = Release|Any CPU
		{009E35FE-CA52-4131-92A1-5030430088BE}.Ad-Hoc|Any CPU.ActiveCfg = Release|Any CPU
		{009E35FE-CA52-4131-92A1-5030430088BE}.Ad-Hoc|Any CPU.Build.0 = Release|Any CPU
		{009E35FE-CA52-4131-92A1-5030430088BE}.Ad-Hoc|ARM.ActiveCfg = Release|Any CPU
		{009E35FE-CA52-4131-92A1-5030430088BE}.Ad-Hoc|ARM.Build.0 = Release|Any CPU
		{009E35FE-CA52-4131-92A1-5030430088BE}.Ad-Hoc|iPhone.ActiveCfg = Release|Any CPU
		{009E35FE-CA52-4131-92A1-5030430088BE}.Ad-Hoc|iPhone.Build.0 = Release|Any CPU
		{009E35FE-CA52-4131-92A1-5030430088BE}.Ad-Hoc|iPhoneSimulator.ActiveCfg = Release|Any CPU
		{009E35FE-CA52-4131-92A1-5030430088BE}.Ad-Hoc|iPhoneSimulator.Build.0 = Release|Any CPU
		{009E35FE-CA52-4131-92A1-5030430088BE}.Ad-Hoc|x64.ActiveCfg = Release|Any CPU
		{009E35FE-CA52-4131-92A1-5030430088BE}.Ad-Hoc|x64.Build.0 = Release|Any CPU
		{009E35FE-CA52-4131-92A1-5030430088BE}.Ad-Hoc|x86.ActiveCfg = Release|Any CPU
		{009E35FE-CA52-4131-92A1-5030430088BE}.Ad-Hoc|x86.Build.0 = Release|Any CPU
		{009E35FE-CA52-4131-92A1-5030430088BE}.AppStore|Any CPU.ActiveCfg = Release|Any CPU
		{009E35FE-CA52-4131-92A1-5030430088BE}.AppStore|Any CPU.Build.0 = Release|Any CPU
		{009E35FE-CA52-4131-92A1-5030430088BE}.AppStore|ARM.ActiveCfg = Release|Any CPU
		{009E35FE-CA52-4131-92A1-5030430088BE}.AppStore|ARM.Build.0 = Release|Any CPU
		{009E35FE-CA52-4131-92A1-5030430088BE}.AppStore|iPhone.ActiveCfg = Release|Any CPU
		{009E35FE-CA52-4131-92A1-5030430088BE}.AppStore|iPhone.Build.0 = Release|Any CPU
		{009E35FE-CA52-4131-92A1-5030430088BE}.AppStore|iPhoneSimulator.ActiveCfg = Release|Any CPU
		{009E35FE-CA52-4131-92A1-5030430088BE}.AppStore|iPhoneSimulator.Build.0 = Release|Any CPU
		{009E35FE-CA52-4131-92A1-5030430088BE}.AppStore|x64.ActiveCfg = Release|Any CPU
		{009E35FE-CA52-4131-92A1-5030430088BE}.AppStore|x64.Build.0 = Release|Any CPU
		{009E35FE-CA52-4131-92A1-5030430088BE}.AppStore|x86.ActiveCfg = Release|Any CPU
		{009E35FE-CA52-4131-92A1-5030430088BE}.AppStore|x86.Build.0 = Release|Any CPU
		{009E35FE-CA52-4131-92A1-5030430088BE}.Debug|Any CPU.ActiveCfg = Debug|Any CPU
		{009E35FE-CA52-4131-92A1-5030430088BE}.Debug|Any CPU.Build.0 = Debug|Any CPU
		{009E35FE-CA52-4131-92A1-5030430088BE}.Debug|ARM.ActiveCfg = Debug|Any CPU
		{009E35FE-CA52-4131-92A1-5030430088BE}.Debug|ARM.Build.0 = Debug|Any CPU
		{009E35FE-CA52-4131-92A1-5030430088BE}.Debug|iPhone.ActiveCfg = Debug|Any CPU
		{009E35FE-CA52-4131-92A1-5030430088BE}.Debug|iPhone.Build.0 = Debug|Any CPU
		{009E35FE-CA52-4131-92A1-5030430088BE}.Debug|iPhoneSimulator.ActiveCfg = Debug|Any CPU
		{009E35FE-CA52-4131-92A1-5030430088BE}.Debug|iPhoneSimulator.Build.0 = Debug|Any CPU
		{009E35FE-CA52-4131-92A1-5030430088BE}.Debug|x64.ActiveCfg = Debug|Any CPU
		{009E35FE-CA52-4131-92A1-5030430088BE}.Debug|x64.Build.0 = Debug|Any CPU
		{009E35FE-CA52-4131-92A1-5030430088BE}.Debug|x86.ActiveCfg = Debug|Any CPU
		{009E35FE-CA52-4131-92A1-5030430088BE}.Debug|x86.Build.0 = Debug|Any CPU
		{009E35FE-CA52-4131-92A1-5030430088BE}.Release|Any CPU.ActiveCfg = Release|Any CPU
		{009E35FE-CA52-4131-92A1-5030430088BE}.Release|Any CPU.Build.0 = Release|Any CPU
		{009E35FE-CA52-4131-92A1-5030430088BE}.Release|ARM.ActiveCfg = Release|Any CPU
		{009E35FE-CA52-4131-92A1-5030430088BE}.Release|ARM.Build.0 = Release|Any CPU
		{009E35FE-CA52-4131-92A1-5030430088BE}.Release|iPhone.ActiveCfg = Release|Any CPU
		{009E35FE-CA52-4131-92A1-5030430088BE}.Release|iPhone.Build.0 = Release|Any CPU
		{009E35FE-CA52-4131-92A1-5030430088BE}.Release|iPhoneSimulator.ActiveCfg = Release|Any CPU
		{009E35FE-CA52-4131-92A1-5030430088BE}.Release|iPhoneSimulator.Build.0 = Release|Any CPU
		{009E35FE-CA52-4131-92A1-5030430088BE}.Release|x64.ActiveCfg = Release|Any CPU
		{009E35FE-CA52-4131-92A1-5030430088BE}.Release|x64.Build.0 = Release|Any CPU
		{009E35FE-CA52-4131-92A1-5030430088BE}.Release|x86.ActiveCfg = Release|Any CPU
		{009E35FE-CA52-4131-92A1-5030430088BE}.Release|x86.Build.0 = Release|Any CPU
		{0DABE26F-7F9A-4970-8E17-89C41A66E2A7}.Ad-Hoc|Any CPU.ActiveCfg = Release|Any CPU
		{0DABE26F-7F9A-4970-8E17-89C41A66E2A7}.Ad-Hoc|Any CPU.Build.0 = Release|Any CPU
		{0DABE26F-7F9A-4970-8E17-89C41A66E2A7}.Ad-Hoc|Any CPU.Deploy.0 = Release|Any CPU
		{0DABE26F-7F9A-4970-8E17-89C41A66E2A7}.Ad-Hoc|ARM.ActiveCfg = Release|Any CPU
		{0DABE26F-7F9A-4970-8E17-89C41A66E2A7}.Ad-Hoc|ARM.Build.0 = Release|Any CPU
		{0DABE26F-7F9A-4970-8E17-89C41A66E2A7}.Ad-Hoc|ARM.Deploy.0 = Release|Any CPU
		{0DABE26F-7F9A-4970-8E17-89C41A66E2A7}.Ad-Hoc|iPhone.ActiveCfg = Release|Any CPU
		{0DABE26F-7F9A-4970-8E17-89C41A66E2A7}.Ad-Hoc|iPhone.Build.0 = Release|Any CPU
		{0DABE26F-7F9A-4970-8E17-89C41A66E2A7}.Ad-Hoc|iPhone.Deploy.0 = Release|Any CPU
		{0DABE26F-7F9A-4970-8E17-89C41A66E2A7}.Ad-Hoc|iPhoneSimulator.ActiveCfg = Release|Any CPU
		{0DABE26F-7F9A-4970-8E17-89C41A66E2A7}.Ad-Hoc|iPhoneSimulator.Build.0 = Release|Any CPU
		{0DABE26F-7F9A-4970-8E17-89C41A66E2A7}.Ad-Hoc|iPhoneSimulator.Deploy.0 = Release|Any CPU
		{0DABE26F-7F9A-4970-8E17-89C41A66E2A7}.Ad-Hoc|x64.ActiveCfg = Release|Any CPU
		{0DABE26F-7F9A-4970-8E17-89C41A66E2A7}.Ad-Hoc|x64.Build.0 = Release|Any CPU
		{0DABE26F-7F9A-4970-8E17-89C41A66E2A7}.Ad-Hoc|x64.Deploy.0 = Release|Any CPU
		{0DABE26F-7F9A-4970-8E17-89C41A66E2A7}.Ad-Hoc|x86.ActiveCfg = Release|Any CPU
		{0DABE26F-7F9A-4970-8E17-89C41A66E2A7}.Ad-Hoc|x86.Build.0 = Release|Any CPU
		{0DABE26F-7F9A-4970-8E17-89C41A66E2A7}.Ad-Hoc|x86.Deploy.0 = Release|Any CPU
		{0DABE26F-7F9A-4970-8E17-89C41A66E2A7}.AppStore|Any CPU.ActiveCfg = Release|Any CPU
		{0DABE26F-7F9A-4970-8E17-89C41A66E2A7}.AppStore|Any CPU.Build.0 = Release|Any CPU
		{0DABE26F-7F9A-4970-8E17-89C41A66E2A7}.AppStore|Any CPU.Deploy.0 = Release|Any CPU
		{0DABE26F-7F9A-4970-8E17-89C41A66E2A7}.AppStore|ARM.ActiveCfg = Release|Any CPU
		{0DABE26F-7F9A-4970-8E17-89C41A66E2A7}.AppStore|ARM.Build.0 = Release|Any CPU
		{0DABE26F-7F9A-4970-8E17-89C41A66E2A7}.AppStore|ARM.Deploy.0 = Release|Any CPU
		{0DABE26F-7F9A-4970-8E17-89C41A66E2A7}.AppStore|iPhone.ActiveCfg = Release|Any CPU
		{0DABE26F-7F9A-4970-8E17-89C41A66E2A7}.AppStore|iPhone.Build.0 = Release|Any CPU
		{0DABE26F-7F9A-4970-8E17-89C41A66E2A7}.AppStore|iPhone.Deploy.0 = Release|Any CPU
		{0DABE26F-7F9A-4970-8E17-89C41A66E2A7}.AppStore|iPhoneSimulator.ActiveCfg = Release|Any CPU
		{0DABE26F-7F9A-4970-8E17-89C41A66E2A7}.AppStore|iPhoneSimulator.Build.0 = Release|Any CPU
		{0DABE26F-7F9A-4970-8E17-89C41A66E2A7}.AppStore|iPhoneSimulator.Deploy.0 = Release|Any CPU
		{0DABE26F-7F9A-4970-8E17-89C41A66E2A7}.AppStore|x64.ActiveCfg = Release|Any CPU
		{0DABE26F-7F9A-4970-8E17-89C41A66E2A7}.AppStore|x64.Build.0 = Release|Any CPU
		{0DABE26F-7F9A-4970-8E17-89C41A66E2A7}.AppStore|x64.Deploy.0 = Release|Any CPU
		{0DABE26F-7F9A-4970-8E17-89C41A66E2A7}.AppStore|x86.ActiveCfg = Release|Any CPU
		{0DABE26F-7F9A-4970-8E17-89C41A66E2A7}.AppStore|x86.Build.0 = Release|Any CPU
		{0DABE26F-7F9A-4970-8E17-89C41A66E2A7}.AppStore|x86.Deploy.0 = Release|Any CPU
		{0DABE26F-7F9A-4970-8E17-89C41A66E2A7}.Debug|Any CPU.ActiveCfg = Debug|Any CPU
		{0DABE26F-7F9A-4970-8E17-89C41A66E2A7}.Debug|Any CPU.Build.0 = Debug|Any CPU
		{0DABE26F-7F9A-4970-8E17-89C41A66E2A7}.Debug|Any CPU.Deploy.0 = Debug|Any CPU
		{0DABE26F-7F9A-4970-8E17-89C41A66E2A7}.Debug|ARM.ActiveCfg = Debug|Any CPU
		{0DABE26F-7F9A-4970-8E17-89C41A66E2A7}.Debug|ARM.Build.0 = Debug|Any CPU
		{0DABE26F-7F9A-4970-8E17-89C41A66E2A7}.Debug|ARM.Deploy.0 = Debug|Any CPU
		{0DABE26F-7F9A-4970-8E17-89C41A66E2A7}.Debug|iPhone.ActiveCfg = Debug|Any CPU
		{0DABE26F-7F9A-4970-8E17-89C41A66E2A7}.Debug|iPhone.Build.0 = Debug|Any CPU
		{0DABE26F-7F9A-4970-8E17-89C41A66E2A7}.Debug|iPhone.Deploy.0 = Debug|Any CPU
		{0DABE26F-7F9A-4970-8E17-89C41A66E2A7}.Debug|iPhoneSimulator.ActiveCfg = Debug|Any CPU
		{0DABE26F-7F9A-4970-8E17-89C41A66E2A7}.Debug|iPhoneSimulator.Build.0 = Debug|Any CPU
		{0DABE26F-7F9A-4970-8E17-89C41A66E2A7}.Debug|iPhoneSimulator.Deploy.0 = Debug|Any CPU
		{0DABE26F-7F9A-4970-8E17-89C41A66E2A7}.Debug|x64.ActiveCfg = Debug|Any CPU
		{0DABE26F-7F9A-4970-8E17-89C41A66E2A7}.Debug|x64.Build.0 = Debug|Any CPU
		{0DABE26F-7F9A-4970-8E17-89C41A66E2A7}.Debug|x64.Deploy.0 = Debug|Any CPU
		{0DABE26F-7F9A-4970-8E17-89C41A66E2A7}.Debug|x86.ActiveCfg = Debug|Any CPU
		{0DABE26F-7F9A-4970-8E17-89C41A66E2A7}.Debug|x86.Build.0 = Debug|Any CPU
		{0DABE26F-7F9A-4970-8E17-89C41A66E2A7}.Debug|x86.Deploy.0 = Debug|Any CPU
		{0DABE26F-7F9A-4970-8E17-89C41A66E2A7}.Release|Any CPU.ActiveCfg = Release|Any CPU
		{0DABE26F-7F9A-4970-8E17-89C41A66E2A7}.Release|Any CPU.Build.0 = Release|Any CPU
		{0DABE26F-7F9A-4970-8E17-89C41A66E2A7}.Release|Any CPU.Deploy.0 = Release|Any CPU
		{0DABE26F-7F9A-4970-8E17-89C41A66E2A7}.Release|ARM.ActiveCfg = Release|Any CPU
		{0DABE26F-7F9A-4970-8E17-89C41A66E2A7}.Release|ARM.Build.0 = Release|Any CPU
		{0DABE26F-7F9A-4970-8E17-89C41A66E2A7}.Release|ARM.Deploy.0 = Release|Any CPU
		{0DABE26F-7F9A-4970-8E17-89C41A66E2A7}.Release|iPhone.ActiveCfg = Release|Any CPU
		{0DABE26F-7F9A-4970-8E17-89C41A66E2A7}.Release|iPhone.Build.0 = Release|Any CPU
		{0DABE26F-7F9A-4970-8E17-89C41A66E2A7}.Release|iPhone.Deploy.0 = Release|Any CPU
		{0DABE26F-7F9A-4970-8E17-89C41A66E2A7}.Release|iPhoneSimulator.ActiveCfg = Release|Any CPU
		{0DABE26F-7F9A-4970-8E17-89C41A66E2A7}.Release|iPhoneSimulator.Build.0 = Release|Any CPU
		{0DABE26F-7F9A-4970-8E17-89C41A66E2A7}.Release|iPhoneSimulator.Deploy.0 = Release|Any CPU
		{0DABE26F-7F9A-4970-8E17-89C41A66E2A7}.Release|x64.ActiveCfg = Release|Any CPU
		{0DABE26F-7F9A-4970-8E17-89C41A66E2A7}.Release|x64.Build.0 = Release|Any CPU
		{0DABE26F-7F9A-4970-8E17-89C41A66E2A7}.Release|x64.Deploy.0 = Release|Any CPU
		{0DABE26F-7F9A-4970-8E17-89C41A66E2A7}.Release|x86.ActiveCfg = Release|Any CPU
		{0DABE26F-7F9A-4970-8E17-89C41A66E2A7}.Release|x86.Build.0 = Release|Any CPU
		{0DABE26F-7F9A-4970-8E17-89C41A66E2A7}.Release|x86.Deploy.0 = Release|Any CPU
		{1182484F-E339-4771-9AD9-2E1EB737733C}.Ad-Hoc|Any CPU.ActiveCfg = Ad-Hoc|iPhone
		{1182484F-E339-4771-9AD9-2E1EB737733C}.Ad-Hoc|ARM.ActiveCfg = Ad-Hoc|iPhone
		{1182484F-E339-4771-9AD9-2E1EB737733C}.Ad-Hoc|iPhone.ActiveCfg = Ad-Hoc|iPhone
		{1182484F-E339-4771-9AD9-2E1EB737733C}.Ad-Hoc|iPhone.Build.0 = Ad-Hoc|iPhone
		{1182484F-E339-4771-9AD9-2E1EB737733C}.Ad-Hoc|iPhoneSimulator.ActiveCfg = Ad-Hoc|iPhoneSimulator
		{1182484F-E339-4771-9AD9-2E1EB737733C}.Ad-Hoc|iPhoneSimulator.Build.0 = Ad-Hoc|iPhoneSimulator
		{1182484F-E339-4771-9AD9-2E1EB737733C}.Ad-Hoc|x64.ActiveCfg = Ad-Hoc|iPhone
		{1182484F-E339-4771-9AD9-2E1EB737733C}.Ad-Hoc|x86.ActiveCfg = Ad-Hoc|iPhone
		{1182484F-E339-4771-9AD9-2E1EB737733C}.AppStore|Any CPU.ActiveCfg = AppStore|iPhone
		{1182484F-E339-4771-9AD9-2E1EB737733C}.AppStore|ARM.ActiveCfg = AppStore|iPhone
		{1182484F-E339-4771-9AD9-2E1EB737733C}.AppStore|iPhone.ActiveCfg = AppStore|iPhone
		{1182484F-E339-4771-9AD9-2E1EB737733C}.AppStore|iPhone.Build.0 = AppStore|iPhone
		{1182484F-E339-4771-9AD9-2E1EB737733C}.AppStore|iPhoneSimulator.ActiveCfg = AppStore|iPhoneSimulator
		{1182484F-E339-4771-9AD9-2E1EB737733C}.AppStore|iPhoneSimulator.Build.0 = AppStore|iPhoneSimulator
		{1182484F-E339-4771-9AD9-2E1EB737733C}.AppStore|x64.ActiveCfg = AppStore|iPhone
		{1182484F-E339-4771-9AD9-2E1EB737733C}.AppStore|x86.ActiveCfg = AppStore|iPhone
		{1182484F-E339-4771-9AD9-2E1EB737733C}.Debug|Any CPU.ActiveCfg = Debug|iPhone
		{1182484F-E339-4771-9AD9-2E1EB737733C}.Debug|ARM.ActiveCfg = Debug|iPhone
		{1182484F-E339-4771-9AD9-2E1EB737733C}.Debug|iPhone.ActiveCfg = Debug|iPhone
		{1182484F-E339-4771-9AD9-2E1EB737733C}.Debug|iPhone.Build.0 = Debug|iPhone
		{1182484F-E339-4771-9AD9-2E1EB737733C}.Debug|iPhoneSimulator.ActiveCfg = Debug|iPhoneSimulator
		{1182484F-E339-4771-9AD9-2E1EB737733C}.Debug|iPhoneSimulator.Build.0 = Debug|iPhoneSimulator
		{1182484F-E339-4771-9AD9-2E1EB737733C}.Debug|x64.ActiveCfg = Debug|iPhone
		{1182484F-E339-4771-9AD9-2E1EB737733C}.Debug|x86.ActiveCfg = Debug|iPhone
		{1182484F-E339-4771-9AD9-2E1EB737733C}.Release|Any CPU.ActiveCfg = Release|iPhone
		{1182484F-E339-4771-9AD9-2E1EB737733C}.Release|ARM.ActiveCfg = Release|iPhone
		{1182484F-E339-4771-9AD9-2E1EB737733C}.Release|iPhone.ActiveCfg = Release|iPhone
		{1182484F-E339-4771-9AD9-2E1EB737733C}.Release|iPhone.Build.0 = Release|iPhone
		{1182484F-E339-4771-9AD9-2E1EB737733C}.Release|iPhoneSimulator.ActiveCfg = Release|iPhoneSimulator
		{1182484F-E339-4771-9AD9-2E1EB737733C}.Release|iPhoneSimulator.Build.0 = Release|iPhoneSimulator
		{1182484F-E339-4771-9AD9-2E1EB737733C}.Release|x64.ActiveCfg = Release|iPhone
		{1182484F-E339-4771-9AD9-2E1EB737733C}.Release|x86.ActiveCfg = Release|iPhone
		{648B0DD7-DB43-4468-9204-FCF70C1C0224}.Ad-Hoc|Any CPU.ActiveCfg = Release|Any CPU
		{648B0DD7-DB43-4468-9204-FCF70C1C0224}.Ad-Hoc|Any CPU.Build.0 = Release|Any CPU
		{648B0DD7-DB43-4468-9204-FCF70C1C0224}.Ad-Hoc|Any CPU.Deploy.0 = Release|Any CPU
		{648B0DD7-DB43-4468-9204-FCF70C1C0224}.Ad-Hoc|ARM.ActiveCfg = Release|ARM
		{648B0DD7-DB43-4468-9204-FCF70C1C0224}.Ad-Hoc|ARM.Build.0 = Release|ARM
		{648B0DD7-DB43-4468-9204-FCF70C1C0224}.Ad-Hoc|ARM.Deploy.0 = Release|ARM
		{648B0DD7-DB43-4468-9204-FCF70C1C0224}.Ad-Hoc|iPhone.ActiveCfg = Release|Any CPU
		{648B0DD7-DB43-4468-9204-FCF70C1C0224}.Ad-Hoc|iPhone.Build.0 = Release|Any CPU
		{648B0DD7-DB43-4468-9204-FCF70C1C0224}.Ad-Hoc|iPhone.Deploy.0 = Release|Any CPU
		{648B0DD7-DB43-4468-9204-FCF70C1C0224}.Ad-Hoc|iPhoneSimulator.ActiveCfg = Release|Any CPU
		{648B0DD7-DB43-4468-9204-FCF70C1C0224}.Ad-Hoc|iPhoneSimulator.Build.0 = Release|Any CPU
		{648B0DD7-DB43-4468-9204-FCF70C1C0224}.Ad-Hoc|iPhoneSimulator.Deploy.0 = Release|Any CPU
		{648B0DD7-DB43-4468-9204-FCF70C1C0224}.Ad-Hoc|x64.ActiveCfg = Release|Any CPU
		{648B0DD7-DB43-4468-9204-FCF70C1C0224}.Ad-Hoc|x64.Build.0 = Release|Any CPU
		{648B0DD7-DB43-4468-9204-FCF70C1C0224}.Ad-Hoc|x64.Deploy.0 = Release|Any CPU
		{648B0DD7-DB43-4468-9204-FCF70C1C0224}.Ad-Hoc|x86.ActiveCfg = Release|x86
		{648B0DD7-DB43-4468-9204-FCF70C1C0224}.Ad-Hoc|x86.Build.0 = Release|x86
		{648B0DD7-DB43-4468-9204-FCF70C1C0224}.Ad-Hoc|x86.Deploy.0 = Release|x86
		{648B0DD7-DB43-4468-9204-FCF70C1C0224}.AppStore|Any CPU.ActiveCfg = Release|Any CPU
		{648B0DD7-DB43-4468-9204-FCF70C1C0224}.AppStore|Any CPU.Build.0 = Release|Any CPU
		{648B0DD7-DB43-4468-9204-FCF70C1C0224}.AppStore|Any CPU.Deploy.0 = Release|Any CPU
		{648B0DD7-DB43-4468-9204-FCF70C1C0224}.AppStore|ARM.ActiveCfg = Release|ARM
		{648B0DD7-DB43-4468-9204-FCF70C1C0224}.AppStore|ARM.Build.0 = Release|ARM
		{648B0DD7-DB43-4468-9204-FCF70C1C0224}.AppStore|ARM.Deploy.0 = Release|ARM
		{648B0DD7-DB43-4468-9204-FCF70C1C0224}.AppStore|iPhone.ActiveCfg = Release|Any CPU
		{648B0DD7-DB43-4468-9204-FCF70C1C0224}.AppStore|iPhone.Build.0 = Release|Any CPU
		{648B0DD7-DB43-4468-9204-FCF70C1C0224}.AppStore|iPhone.Deploy.0 = Release|Any CPU
		{648B0DD7-DB43-4468-9204-FCF70C1C0224}.AppStore|iPhoneSimulator.ActiveCfg = Release|Any CPU
		{648B0DD7-DB43-4468-9204-FCF70C1C0224}.AppStore|iPhoneSimulator.Build.0 = Release|Any CPU
		{648B0DD7-DB43-4468-9204-FCF70C1C0224}.AppStore|iPhoneSimulator.Deploy.0 = Release|Any CPU
		{648B0DD7-DB43-4468-9204-FCF70C1C0224}.AppStore|x64.ActiveCfg = Release|Any CPU
		{648B0DD7-DB43-4468-9204-FCF70C1C0224}.AppStore|x64.Build.0 = Release|Any CPU
		{648B0DD7-DB43-4468-9204-FCF70C1C0224}.AppStore|x64.Deploy.0 = Release|Any CPU
		{648B0DD7-DB43-4468-9204-FCF70C1C0224}.AppStore|x86.ActiveCfg = Release|x86
		{648B0DD7-DB43-4468-9204-FCF70C1C0224}.AppStore|x86.Build.0 = Release|x86
		{648B0DD7-DB43-4468-9204-FCF70C1C0224}.AppStore|x86.Deploy.0 = Release|x86
		{648B0DD7-DB43-4468-9204-FCF70C1C0224}.Debug|Any CPU.ActiveCfg = Debug|Any CPU
		{648B0DD7-DB43-4468-9204-FCF70C1C0224}.Debug|Any CPU.Build.0 = Debug|Any CPU
		{648B0DD7-DB43-4468-9204-FCF70C1C0224}.Debug|Any CPU.Deploy.0 = Debug|Any CPU
		{648B0DD7-DB43-4468-9204-FCF70C1C0224}.Debug|ARM.ActiveCfg = Debug|ARM
		{648B0DD7-DB43-4468-9204-FCF70C1C0224}.Debug|ARM.Build.0 = Debug|ARM
		{648B0DD7-DB43-4468-9204-FCF70C1C0224}.Debug|ARM.Deploy.0 = Debug|ARM
		{648B0DD7-DB43-4468-9204-FCF70C1C0224}.Debug|iPhone.ActiveCfg = Debug|Any CPU
		{648B0DD7-DB43-4468-9204-FCF70C1C0224}.Debug|iPhone.Build.0 = Debug|Any CPU
		{648B0DD7-DB43-4468-9204-FCF70C1C0224}.Debug|iPhone.Deploy.0 = Debug|Any CPU
		{648B0DD7-DB43-4468-9204-FCF70C1C0224}.Debug|iPhoneSimulator.ActiveCfg = Debug|Any CPU
		{648B0DD7-DB43-4468-9204-FCF70C1C0224}.Debug|iPhoneSimulator.Build.0 = Debug|Any CPU
		{648B0DD7-DB43-4468-9204-FCF70C1C0224}.Debug|iPhoneSimulator.Deploy.0 = Debug|Any CPU
		{648B0DD7-DB43-4468-9204-FCF70C1C0224}.Debug|x64.ActiveCfg = Debug|Any CPU
		{648B0DD7-DB43-4468-9204-FCF70C1C0224}.Debug|x64.Build.0 = Debug|Any CPU
		{648B0DD7-DB43-4468-9204-FCF70C1C0224}.Debug|x64.Deploy.0 = Debug|Any CPU
		{648B0DD7-DB43-4468-9204-FCF70C1C0224}.Debug|x86.ActiveCfg = Debug|x86
		{648B0DD7-DB43-4468-9204-FCF70C1C0224}.Debug|x86.Build.0 = Debug|x86
		{648B0DD7-DB43-4468-9204-FCF70C1C0224}.Debug|x86.Deploy.0 = Debug|x86
		{648B0DD7-DB43-4468-9204-FCF70C1C0224}.Release|Any CPU.ActiveCfg = Release|Any CPU
		{648B0DD7-DB43-4468-9204-FCF70C1C0224}.Release|Any CPU.Build.0 = Release|Any CPU
		{648B0DD7-DB43-4468-9204-FCF70C1C0224}.Release|Any CPU.Deploy.0 = Release|Any CPU
		{648B0DD7-DB43-4468-9204-FCF70C1C0224}.Release|ARM.ActiveCfg = Release|ARM
		{648B0DD7-DB43-4468-9204-FCF70C1C0224}.Release|ARM.Build.0 = Release|ARM
		{648B0DD7-DB43-4468-9204-FCF70C1C0224}.Release|ARM.Deploy.0 = Release|ARM
		{648B0DD7-DB43-4468-9204-FCF70C1C0224}.Release|iPhone.ActiveCfg = Release|Any CPU
		{648B0DD7-DB43-4468-9204-FCF70C1C0224}.Release|iPhone.Build.0 = Release|Any CPU
		{648B0DD7-DB43-4468-9204-FCF70C1C0224}.Release|iPhone.Deploy.0 = Release|Any CPU
		{648B0DD7-DB43-4468-9204-FCF70C1C0224}.Release|iPhoneSimulator.ActiveCfg = Release|Any CPU
		{648B0DD7-DB43-4468-9204-FCF70C1C0224}.Release|iPhoneSimulator.Build.0 = Release|Any CPU
		{648B0DD7-DB43-4468-9204-FCF70C1C0224}.Release|iPhoneSimulator.Deploy.0 = Release|Any CPU
		{648B0DD7-DB43-4468-9204-FCF70C1C0224}.Release|x64.ActiveCfg = Release|Any CPU
		{648B0DD7-DB43-4468-9204-FCF70C1C0224}.Release|x64.Build.0 = Release|Any CPU
		{648B0DD7-DB43-4468-9204-FCF70C1C0224}.Release|x64.Deploy.0 = Release|Any CPU
		{648B0DD7-DB43-4468-9204-FCF70C1C0224}.Release|x86.ActiveCfg = Release|x86
		{648B0DD7-DB43-4468-9204-FCF70C1C0224}.Release|x86.Build.0 = Release|x86
		{648B0DD7-DB43-4468-9204-FCF70C1C0224}.Release|x86.Deploy.0 = Release|x86
		{8A38B6F1-338B-4456-8204-D6068954749F}.Ad-Hoc|Any CPU.ActiveCfg = Release|x86
		{8A38B6F1-338B-4456-8204-D6068954749F}.Ad-Hoc|Any CPU.Build.0 = Release|x86
		{8A38B6F1-338B-4456-8204-D6068954749F}.Ad-Hoc|Any CPU.Deploy.0 = Release|x86
		{8A38B6F1-338B-4456-8204-D6068954749F}.Ad-Hoc|ARM.ActiveCfg = Release|ARM
		{8A38B6F1-338B-4456-8204-D6068954749F}.Ad-Hoc|ARM.Build.0 = Release|ARM
		{8A38B6F1-338B-4456-8204-D6068954749F}.Ad-Hoc|ARM.Deploy.0 = Release|ARM
		{8A38B6F1-338B-4456-8204-D6068954749F}.Ad-Hoc|iPhone.ActiveCfg = Release|x86
		{8A38B6F1-338B-4456-8204-D6068954749F}.Ad-Hoc|iPhone.Build.0 = Release|x86
		{8A38B6F1-338B-4456-8204-D6068954749F}.Ad-Hoc|iPhone.Deploy.0 = Release|x86
		{8A38B6F1-338B-4456-8204-D6068954749F}.Ad-Hoc|iPhoneSimulator.ActiveCfg = Release|x86
		{8A38B6F1-338B-4456-8204-D6068954749F}.Ad-Hoc|iPhoneSimulator.Build.0 = Release|x86
		{8A38B6F1-338B-4456-8204-D6068954749F}.Ad-Hoc|iPhoneSimulator.Deploy.0 = Release|x86
		{8A38B6F1-338B-4456-8204-D6068954749F}.Ad-Hoc|x64.ActiveCfg = Release|x64
		{8A38B6F1-338B-4456-8204-D6068954749F}.Ad-Hoc|x64.Build.0 = Release|x64
		{8A38B6F1-338B-4456-8204-D6068954749F}.Ad-Hoc|x64.Deploy.0 = Release|x64
		{8A38B6F1-338B-4456-8204-D6068954749F}.Ad-Hoc|x86.ActiveCfg = Release|x86
		{8A38B6F1-338B-4456-8204-D6068954749F}.Ad-Hoc|x86.Build.0 = Release|x86
		{8A38B6F1-338B-4456-8204-D6068954749F}.Ad-Hoc|x86.Deploy.0 = Release|x86
		{8A38B6F1-338B-4456-8204-D6068954749F}.AppStore|Any CPU.ActiveCfg = Release|x86
		{8A38B6F1-338B-4456-8204-D6068954749F}.AppStore|Any CPU.Build.0 = Release|x86
		{8A38B6F1-338B-4456-8204-D6068954749F}.AppStore|Any CPU.Deploy.0 = Release|x86
		{8A38B6F1-338B-4456-8204-D6068954749F}.AppStore|ARM.ActiveCfg = Release|ARM
		{8A38B6F1-338B-4456-8204-D6068954749F}.AppStore|ARM.Build.0 = Release|ARM
		{8A38B6F1-338B-4456-8204-D6068954749F}.AppStore|ARM.Deploy.0 = Release|ARM
		{8A38B6F1-338B-4456-8204-D6068954749F}.AppStore|iPhone.ActiveCfg = Release|x86
		{8A38B6F1-338B-4456-8204-D6068954749F}.AppStore|iPhone.Build.0 = Release|x86
		{8A38B6F1-338B-4456-8204-D6068954749F}.AppStore|iPhone.Deploy.0 = Release|x86
		{8A38B6F1-338B-4456-8204-D6068954749F}.AppStore|iPhoneSimulator.ActiveCfg = Release|x86
		{8A38B6F1-338B-4456-8204-D6068954749F}.AppStore|iPhoneSimulator.Build.0 = Release|x86
		{8A38B6F1-338B-4456-8204-D6068954749F}.AppStore|iPhoneSimulator.Deploy.0 = Release|x86
		{8A38B6F1-338B-4456-8204-D6068954749F}.AppStore|x64.ActiveCfg = Release|x64
		{8A38B6F1-338B-4456-8204-D6068954749F}.AppStore|x64.Build.0 = Release|x64
		{8A38B6F1-338B-4456-8204-D6068954749F}.AppStore|x64.Deploy.0 = Release|x64
		{8A38B6F1-338B-4456-8204-D6068954749F}.AppStore|x86.ActiveCfg = Release|x86
		{8A38B6F1-338B-4456-8204-D6068954749F}.AppStore|x86.Build.0 = Release|x86
		{8A38B6F1-338B-4456-8204-D6068954749F}.AppStore|x86.Deploy.0 = Release|x86
		{8A38B6F1-338B-4456-8204-D6068954749F}.Debug|Any CPU.ActiveCfg = Debug|x86
		{8A38B6F1-338B-4456-8204-D6068954749F}.Debug|ARM.ActiveCfg = Debug|ARM
		{8A38B6F1-338B-4456-8204-D6068954749F}.Debug|ARM.Build.0 = Debug|ARM
		{8A38B6F1-338B-4456-8204-D6068954749F}.Debug|ARM.Deploy.0 = Debug|ARM
		{8A38B6F1-338B-4456-8204-D6068954749F}.Debug|iPhone.ActiveCfg = Debug|x86
		{8A38B6F1-338B-4456-8204-D6068954749F}.Debug|iPhoneSimulator.ActiveCfg = Debug|x86
		{8A38B6F1-338B-4456-8204-D6068954749F}.Debug|x64.ActiveCfg = Debug|x64
		{8A38B6F1-338B-4456-8204-D6068954749F}.Debug|x64.Build.0 = Debug|x64
		{8A38B6F1-338B-4456-8204-D6068954749F}.Debug|x64.Deploy.0 = Debug|x64
		{8A38B6F1-338B-4456-8204-D6068954749F}.Debug|x86.ActiveCfg = Debug|x86
		{8A38B6F1-338B-4456-8204-D6068954749F}.Debug|x86.Build.0 = Debug|x86
		{8A38B6F1-338B-4456-8204-D6068954749F}.Debug|x86.Deploy.0 = Debug|x86
		{8A38B6F1-338B-4456-8204-D6068954749F}.Release|Any CPU.ActiveCfg = Release|x86
		{8A38B6F1-338B-4456-8204-D6068954749F}.Release|ARM.ActiveCfg = Release|ARM
		{8A38B6F1-338B-4456-8204-D6068954749F}.Release|ARM.Build.0 = Release|ARM
		{8A38B6F1-338B-4456-8204-D6068954749F}.Release|ARM.Deploy.0 = Release|ARM
		{8A38B6F1-338B-4456-8204-D6068954749F}.Release|iPhone.ActiveCfg = Release|x86
		{8A38B6F1-338B-4456-8204-D6068954749F}.Release|iPhoneSimulator.ActiveCfg = Release|x86
		{8A38B6F1-338B-4456-8204-D6068954749F}.Release|x64.ActiveCfg = Release|x64
		{8A38B6F1-338B-4456-8204-D6068954749F}.Release|x64.Build.0 = Release|x64
		{8A38B6F1-338B-4456-8204-D6068954749F}.Release|x64.Deploy.0 = Release|x64
		{8A38B6F1-338B-4456-8204-D6068954749F}.Release|x86.ActiveCfg = Release|x86
		{8A38B6F1-338B-4456-8204-D6068954749F}.Release|x86.Build.0 = Release|x86
		{8A38B6F1-338B-4456-8204-D6068954749F}.Release|x86.Deploy.0 = Release|x86
		{2B17CC9B-E713-460D-87EB-FE476433A587}.Ad-Hoc|Any CPU.ActiveCfg = Release|Any CPU
		{2B17CC9B-E713-460D-87EB-FE476433A587}.Ad-Hoc|Any CPU.Build.0 = Release|Any CPU
		{2B17CC9B-E713-460D-87EB-FE476433A587}.Ad-Hoc|Any CPU.Deploy.0 = Release|Any CPU
		{2B17CC9B-E713-460D-87EB-FE476433A587}.Ad-Hoc|ARM.ActiveCfg = Release|ARM
		{2B17CC9B-E713-460D-87EB-FE476433A587}.Ad-Hoc|ARM.Build.0 = Release|ARM
		{2B17CC9B-E713-460D-87EB-FE476433A587}.Ad-Hoc|ARM.Deploy.0 = Release|ARM
		{2B17CC9B-E713-460D-87EB-FE476433A587}.Ad-Hoc|iPhone.ActiveCfg = Release|Any CPU
		{2B17CC9B-E713-460D-87EB-FE476433A587}.Ad-Hoc|iPhone.Build.0 = Release|Any CPU
		{2B17CC9B-E713-460D-87EB-FE476433A587}.Ad-Hoc|iPhone.Deploy.0 = Release|Any CPU
		{2B17CC9B-E713-460D-87EB-FE476433A587}.Ad-Hoc|iPhoneSimulator.ActiveCfg = Release|Any CPU
		{2B17CC9B-E713-460D-87EB-FE476433A587}.Ad-Hoc|iPhoneSimulator.Build.0 = Release|Any CPU
		{2B17CC9B-E713-460D-87EB-FE476433A587}.Ad-Hoc|iPhoneSimulator.Deploy.0 = Release|Any CPU
		{2B17CC9B-E713-460D-87EB-FE476433A587}.Ad-Hoc|x64.ActiveCfg = Release|x64
		{2B17CC9B-E713-460D-87EB-FE476433A587}.Ad-Hoc|x64.Build.0 = Release|x64
		{2B17CC9B-E713-460D-87EB-FE476433A587}.Ad-Hoc|x64.Deploy.0 = Release|x64
		{2B17CC9B-E713-460D-87EB-FE476433A587}.Ad-Hoc|x86.ActiveCfg = Release|x86
		{2B17CC9B-E713-460D-87EB-FE476433A587}.Ad-Hoc|x86.Build.0 = Release|x86
		{2B17CC9B-E713-460D-87EB-FE476433A587}.Ad-Hoc|x86.Deploy.0 = Release|x86
		{2B17CC9B-E713-460D-87EB-FE476433A587}.AppStore|Any CPU.ActiveCfg = Release|Any CPU
		{2B17CC9B-E713-460D-87EB-FE476433A587}.AppStore|Any CPU.Build.0 = Release|Any CPU
		{2B17CC9B-E713-460D-87EB-FE476433A587}.AppStore|Any CPU.Deploy.0 = Release|Any CPU
		{2B17CC9B-E713-460D-87EB-FE476433A587}.AppStore|ARM.ActiveCfg = Release|ARM
		{2B17CC9B-E713-460D-87EB-FE476433A587}.AppStore|ARM.Build.0 = Release|ARM
		{2B17CC9B-E713-460D-87EB-FE476433A587}.AppStore|ARM.Deploy.0 = Release|ARM
		{2B17CC9B-E713-460D-87EB-FE476433A587}.AppStore|iPhone.ActiveCfg = Release|Any CPU
		{2B17CC9B-E713-460D-87EB-FE476433A587}.AppStore|iPhone.Build.0 = Release|Any CPU
		{2B17CC9B-E713-460D-87EB-FE476433A587}.AppStore|iPhone.Deploy.0 = Release|Any CPU
		{2B17CC9B-E713-460D-87EB-FE476433A587}.AppStore|iPhoneSimulator.ActiveCfg = Release|Any CPU
		{2B17CC9B-E713-460D-87EB-FE476433A587}.AppStore|iPhoneSimulator.Build.0 = Release|Any CPU
		{2B17CC9B-E713-460D-87EB-FE476433A587}.AppStore|iPhoneSimulator.Deploy.0 = Release|Any CPU
		{2B17CC9B-E713-460D-87EB-FE476433A587}.AppStore|x64.ActiveCfg = Release|x64
		{2B17CC9B-E713-460D-87EB-FE476433A587}.AppStore|x64.Build.0 = Release|x64
		{2B17CC9B-E713-460D-87EB-FE476433A587}.AppStore|x64.Deploy.0 = Release|x64
		{2B17CC9B-E713-460D-87EB-FE476433A587}.AppStore|x86.ActiveCfg = Release|x86
		{2B17CC9B-E713-460D-87EB-FE476433A587}.AppStore|x86.Build.0 = Release|x86
		{2B17CC9B-E713-460D-87EB-FE476433A587}.AppStore|x86.Deploy.0 = Release|x86
		{2B17CC9B-E713-460D-87EB-FE476433A587}.Debug|Any CPU.ActiveCfg = Debug|Any CPU
		{2B17CC9B-E713-460D-87EB-FE476433A587}.Debug|Any CPU.Build.0 = Debug|Any CPU
		{2B17CC9B-E713-460D-87EB-FE476433A587}.Debug|Any CPU.Deploy.0 = Debug|Any CPU
		{2B17CC9B-E713-460D-87EB-FE476433A587}.Debug|ARM.ActiveCfg = Debug|ARM
		{2B17CC9B-E713-460D-87EB-FE476433A587}.Debug|ARM.Build.0 = Debug|ARM
		{2B17CC9B-E713-460D-87EB-FE476433A587}.Debug|ARM.Deploy.0 = Debug|ARM
		{2B17CC9B-E713-460D-87EB-FE476433A587}.Debug|iPhone.ActiveCfg = Debug|Any CPU
		{2B17CC9B-E713-460D-87EB-FE476433A587}.Debug|iPhone.Build.0 = Debug|Any CPU
		{2B17CC9B-E713-460D-87EB-FE476433A587}.Debug|iPhone.Deploy.0 = Debug|Any CPU
		{2B17CC9B-E713-460D-87EB-FE476433A587}.Debug|iPhoneSimulator.ActiveCfg = Debug|Any CPU
		{2B17CC9B-E713-460D-87EB-FE476433A587}.Debug|iPhoneSimulator.Build.0 = Debug|Any CPU
		{2B17CC9B-E713-460D-87EB-FE476433A587}.Debug|iPhoneSimulator.Deploy.0 = Debug|Any CPU
		{2B17CC9B-E713-460D-87EB-FE476433A587}.Debug|x64.ActiveCfg = Debug|x64
		{2B17CC9B-E713-460D-87EB-FE476433A587}.Debug|x64.Build.0 = Debug|x64
		{2B17CC9B-E713-460D-87EB-FE476433A587}.Debug|x64.Deploy.0 = Debug|x64
		{2B17CC9B-E713-460D-87EB-FE476433A587}.Debug|x86.ActiveCfg = Debug|x86
		{2B17CC9B-E713-460D-87EB-FE476433A587}.Debug|x86.Build.0 = Debug|x86
		{2B17CC9B-E713-460D-87EB-FE476433A587}.Debug|x86.Deploy.0 = Debug|x86
		{2B17CC9B-E713-460D-87EB-FE476433A587}.Release|Any CPU.ActiveCfg = Release|Any CPU
		{2B17CC9B-E713-460D-87EB-FE476433A587}.Release|Any CPU.Build.0 = Release|Any CPU
		{2B17CC9B-E713-460D-87EB-FE476433A587}.Release|Any CPU.Deploy.0 = Release|Any CPU
		{2B17CC9B-E713-460D-87EB-FE476433A587}.Release|ARM.ActiveCfg = Release|ARM
		{2B17CC9B-E713-460D-87EB-FE476433A587}.Release|ARM.Build.0 = Release|ARM
		{2B17CC9B-E713-460D-87EB-FE476433A587}.Release|ARM.Deploy.0 = Release|ARM
		{2B17CC9B-E713-460D-87EB-FE476433A587}.Release|iPhone.ActiveCfg = Release|Any CPU
		{2B17CC9B-E713-460D-87EB-FE476433A587}.Release|iPhone.Build.0 = Release|Any CPU
		{2B17CC9B-E713-460D-87EB-FE476433A587}.Release|iPhone.Deploy.0 = Release|Any CPU
		{2B17CC9B-E713-460D-87EB-FE476433A587}.Release|iPhoneSimulator.ActiveCfg = Release|Any CPU
		{2B17CC9B-E713-460D-87EB-FE476433A587}.Release|iPhoneSimulator.Build.0 = Release|Any CPU
		{2B17CC9B-E713-460D-87EB-FE476433A587}.Release|iPhoneSimulator.Deploy.0 = Release|Any CPU
		{2B17CC9B-E713-460D-87EB-FE476433A587}.Release|x64.ActiveCfg = Release|x64
		{2B17CC9B-E713-460D-87EB-FE476433A587}.Release|x64.Build.0 = Release|x64
		{2B17CC9B-E713-460D-87EB-FE476433A587}.Release|x64.Deploy.0 = Release|x64
		{2B17CC9B-E713-460D-87EB-FE476433A587}.Release|x86.ActiveCfg = Release|x86
		{2B17CC9B-E713-460D-87EB-FE476433A587}.Release|x86.Build.0 = Release|x86
		{2B17CC9B-E713-460D-87EB-FE476433A587}.Release|x86.Deploy.0 = Release|x86
		{C00F85E1-9287-495E-B7B2-A1361241040B}.Ad-Hoc|Any CPU.ActiveCfg = Release|Any CPU
		{C00F85E1-9287-495E-B7B2-A1361241040B}.Ad-Hoc|Any CPU.Build.0 = Release|Any CPU
		{C00F85E1-9287-495E-B7B2-A1361241040B}.Ad-Hoc|ARM.ActiveCfg = Release|Any CPU
		{C00F85E1-9287-495E-B7B2-A1361241040B}.Ad-Hoc|ARM.Build.0 = Release|Any CPU
		{C00F85E1-9287-495E-B7B2-A1361241040B}.Ad-Hoc|iPhone.ActiveCfg = Release|Any CPU
		{C00F85E1-9287-495E-B7B2-A1361241040B}.Ad-Hoc|iPhone.Build.0 = Release|Any CPU
		{C00F85E1-9287-495E-B7B2-A1361241040B}.Ad-Hoc|iPhoneSimulator.ActiveCfg = Release|Any CPU
		{C00F85E1-9287-495E-B7B2-A1361241040B}.Ad-Hoc|iPhoneSimulator.Build.0 = Release|Any CPU
		{C00F85E1-9287-495E-B7B2-A1361241040B}.Ad-Hoc|x64.ActiveCfg = Release|Any CPU
		{C00F85E1-9287-495E-B7B2-A1361241040B}.Ad-Hoc|x64.Build.0 = Release|Any CPU
		{C00F85E1-9287-495E-B7B2-A1361241040B}.Ad-Hoc|x86.ActiveCfg = Release|Any CPU
		{C00F85E1-9287-495E-B7B2-A1361241040B}.Ad-Hoc|x86.Build.0 = Release|Any CPU
		{C00F85E1-9287-495E-B7B2-A1361241040B}.AppStore|Any CPU.ActiveCfg = Release|Any CPU
		{C00F85E1-9287-495E-B7B2-A1361241040B}.AppStore|Any CPU.Build.0 = Release|Any CPU
		{C00F85E1-9287-495E-B7B2-A1361241040B}.AppStore|ARM.ActiveCfg = Release|Any CPU
		{C00F85E1-9287-495E-B7B2-A1361241040B}.AppStore|ARM.Build.0 = Release|Any CPU
		{C00F85E1-9287-495E-B7B2-A1361241040B}.AppStore|iPhone.ActiveCfg = Release|Any CPU
		{C00F85E1-9287-495E-B7B2-A1361241040B}.AppStore|iPhone.Build.0 = Release|Any CPU
		{C00F85E1-9287-495E-B7B2-A1361241040B}.AppStore|iPhoneSimulator.ActiveCfg = Release|Any CPU
		{C00F85E1-9287-495E-B7B2-A1361241040B}.AppStore|iPhoneSimulator.Build.0 = Release|Any CPU
		{C00F85E1-9287-495E-B7B2-A1361241040B}.AppStore|x64.ActiveCfg = Release|Any CPU
		{C00F85E1-9287-495E-B7B2-A1361241040B}.AppStore|x64.Build.0 = Release|Any CPU
		{C00F85E1-9287-495E-B7B2-A1361241040B}.AppStore|x86.ActiveCfg = Release|Any CPU
		{C00F85E1-9287-495E-B7B2-A1361241040B}.AppStore|x86.Build.0 = Release|Any CPU
		{C00F85E1-9287-495E-B7B2-A1361241040B}.Debug|Any CPU.ActiveCfg = Debug|Any CPU
		{C00F85E1-9287-495E-B7B2-A1361241040B}.Debug|Any CPU.Build.0 = Debug|Any CPU
		{C00F85E1-9287-495E-B7B2-A1361241040B}.Debug|ARM.ActiveCfg = Debug|Any CPU
		{C00F85E1-9287-495E-B7B2-A1361241040B}.Debug|ARM.Build.0 = Debug|Any CPU
		{C00F85E1-9287-495E-B7B2-A1361241040B}.Debug|iPhone.ActiveCfg = Debug|Any CPU
		{C00F85E1-9287-495E-B7B2-A1361241040B}.Debug|iPhone.Build.0 = Debug|Any CPU
		{C00F85E1-9287-495E-B7B2-A1361241040B}.Debug|iPhoneSimulator.ActiveCfg = Debug|Any CPU
		{C00F85E1-9287-495E-B7B2-A1361241040B}.Debug|iPhoneSimulator.Build.0 = Debug|Any CPU
		{C00F85E1-9287-495E-B7B2-A1361241040B}.Debug|x64.ActiveCfg = Debug|Any CPU
		{C00F85E1-9287-495E-B7B2-A1361241040B}.Debug|x64.Build.0 = Debug|Any CPU
		{C00F85E1-9287-495E-B7B2-A1361241040B}.Debug|x86.ActiveCfg = Debug|Any CPU
		{C00F85E1-9287-495E-B7B2-A1361241040B}.Debug|x86.Build.0 = Debug|Any CPU
		{C00F85E1-9287-495E-B7B2-A1361241040B}.Release|Any CPU.ActiveCfg = Release|Any CPU
		{C00F85E1-9287-495E-B7B2-A1361241040B}.Release|Any CPU.Build.0 = Release|Any CPU
		{C00F85E1-9287-495E-B7B2-A1361241040B}.Release|ARM.ActiveCfg = Release|Any CPU
		{C00F85E1-9287-495E-B7B2-A1361241040B}.Release|ARM.Build.0 = Release|Any CPU
		{C00F85E1-9287-495E-B7B2-A1361241040B}.Release|iPhone.ActiveCfg = Release|Any CPU
		{C00F85E1-9287-495E-B7B2-A1361241040B}.Release|iPhone.Build.0 = Release|Any CPU
		{C00F85E1-9287-495E-B7B2-A1361241040B}.Release|iPhoneSimulator.ActiveCfg = Release|Any CPU
		{C00F85E1-9287-495E-B7B2-A1361241040B}.Release|iPhoneSimulator.Build.0 = Release|Any CPU
		{C00F85E1-9287-495E-B7B2-A1361241040B}.Release|x64.ActiveCfg = Release|Any CPU
		{C00F85E1-9287-495E-B7B2-A1361241040B}.Release|x64.Build.0 = Release|Any CPU
		{C00F85E1-9287-495E-B7B2-A1361241040B}.Release|x86.ActiveCfg = Release|Any CPU
		{C00F85E1-9287-495E-B7B2-A1361241040B}.Release|x86.Build.0 = Release|Any CPU
	EndGlobalSection
	GlobalSection(SolutionProperties) = preSolution
		HideSolutionNode = FALSE
	EndGlobalSection
	GlobalSection(NestedProjects) = preSolution
		{0DABE26F-7F9A-4970-8E17-89C41A66E2A7} = {67CE7715-AADE-47D2-A317-03A6A742A8C4}
		{1182484F-E339-4771-9AD9-2E1EB737733C} = {67CE7715-AADE-47D2-A317-03A6A742A8C4}
		{648B0DD7-DB43-4468-9204-FCF70C1C0224} = {67CE7715-AADE-47D2-A317-03A6A742A8C4}
		{8A38B6F1-338B-4456-8204-D6068954749F} = {67CE7715-AADE-47D2-A317-03A6A742A8C4}
		{2B17CC9B-E713-460D-87EB-FE476433A587} = {67CE7715-AADE-47D2-A317-03A6A742A8C4}
		{C00F85E1-9287-495E-B7B2-A1361241040B} = {67CE7715-AADE-47D2-A317-03A6A742A8C4}
	EndGlobalSection
EndGlobal
